
Microsoft Visual Studio Solution File, Format Version 12.00
# Visual Studio Version 16
VisualStudioVersion = 16.0.30309.148
MinimumVisualStudioVersion = 10.0.40219.1
Project("{9A19103F-16F7-4668-BE54-9A1E7A4F7556}") = "ComboSimulator.Server", "ComboSimulator\Server\ComboSimulator.Server.csproj", "{10910C7D-0A5E-4F18-8B71-11DBE37FF98A}"
EndProject
Project("{9A19103F-16F7-4668-BE54-9A1E7A4F7556}") = "ComboSimulator.Client", "ComboSimulator\Client\ComboSimulator.Client.csproj", "{B5A10DFC-2AAE-4AF0-91DE-AA71E256549C}"
EndProject
Project("{9A19103F-16F7-4668-BE54-9A1E7A4F7556}") = "ComboSimulator.Shared", "ComboSimulator\Shared\ComboSimulator.Shared.csproj", "{D9BCC028-508E-4753-8E6C-78A0529DE85C}"
EndProject
Global
	GlobalSection(SolutionConfigurationPlatforms) = preSolution
		Debug|Any CPU = Debug|Any CPU
		Release|Any CPU = Release|Any CPU
	EndGlobalSection
	GlobalSection(ProjectConfigurationPlatforms) = postSolution
		{10910C7D-0A5E-4F18-8B71-11DBE37FF98A}.Debug|Any CPU.ActiveCfg = Debug|Any CPU
		{10910C7D-0A5E-4F18-8B71-11DBE37FF98A}.Debug|Any CPU.Build.0 = Debug|Any CPU
		{10910C7D-0A5E-4F18-8B71-11DBE37FF98A}.Release|Any CPU.ActiveCfg = Release|Any CPU
		{10910C7D-0A5E-4F18-8B71-11DBE37FF98A}.Release|Any CPU.Build.0 = Release|Any CPU
		{B5A10DFC-2AAE-4AF0-91DE-AA71E256549C}.Debug|Any CPU.ActiveCfg = Debug|Any CPU
		{B5A10DFC-2AAE-4AF0-91DE-AA71E256549C}.Debug|Any CPU.Build.0 = Debug|Any CPU
		{B5A10DFC-2AAE-4AF0-91DE-AA71E256549C}.Release|Any CPU.ActiveCfg = Release|Any CPU
		{B5A10DFC-2AAE-4AF0-91DE-AA71E256549C}.Release|Any CPU.Build.0 = Release|Any CPU
		{D9BCC028-508E-4753-8E6C-78A0529DE85C}.Debug|Any CPU.ActiveCfg = Debug|Any CPU
		{D9BCC028-508E-4753-8E6C-78A0529DE85C}.Debug|Any CPU.Build.0 = Debug|Any CPU
		{D9BCC028-508E-4753-8E6C-78A0529DE85C}.Release|Any CPU.ActiveCfg = Release|Any CPU
		{D9BCC028-508E-4753-8E6C-78A0529DE85C}.Release|Any CPU.Build.0 = Release|Any CPU
	EndGlobalSection
	GlobalSection(SolutionProperties) = preSolution
		HideSolutionNode = FALSE
	EndGlobalSection
	GlobalSection(ExtensibilityGlobals) = postSolution
		SolutionGuid = {EBA77C93-E0A1-413D-998D-E6EDA40D06F8}
	EndGlobalSection
EndGlobal
